
Microsoft Visual Studio Solution File, Format Version 12.00
# Visual Studio Version 17
VisualStudioVersion = 17.3.32825.248
MinimumVisualStudioVersion = 10.0.40219.1
Project("{FAE04EC0-301F-11D3-BF4B-00C04F79EFBC}") = "ex01", "ex01\ex01.csproj", "{18CDD321-B241-435E-B377-048AA1AD451D}"
EndProject
Global
	GlobalSection(SolutionConfigurationPlatforms) = preSolution
		Debug|Any CPU = Debug|Any CPU
		Release|Any CPU = Release|Any CPU
	EndGlobalSection
	GlobalSection(ProjectConfigurationPlatforms) = postSolution
		{18CDD321-B241-435E-B377-048AA1AD451D}.Debug|Any CPU.ActiveCfg = Debug|Any CPU
		{18CDD321-B241-435E-B377-048AA1AD451D}.Debug|Any CPU.Build.0 = Debug|Any CPU
		{18CDD321-B241-435E-B377-048AA1AD451D}.Release|Any CPU.ActiveCfg = Release|Any CPU
		{18CDD321-B241-435E-B377-048AA1AD451D}.Release|Any CPU.Build.0 = Release|Any CPU
	EndGlobalSection
	GlobalSection(SolutionProperties) = preSolution
		HideSolutionNode = FALSE
	EndGlobalSection
	GlobalSection(ExtensibilityGlobals) = postSolution
		SolutionGuid = {33160AF5-F1AB-43AF-A11D-DB477470E515}
	EndGlobalSection
EndGlobal
